Microsoft Visual Studio Solution File, Format Version 12.00
# Visual Studio Version 17
VisualStudioVersion = 17.5.2.0
MinimumVisualStudioVersion = 10.0.40219.1
Project("{FAE04EC0-301F-11D3-BF4B-00C04F79EFBC}") = "TE24C_Story", "TE24C_Story.csproj", "{B3399B86-D150-2E06-7A07-177DC9E0603D}"
EndProject
Global
	GlobalSection(SolutionConfigurationPlatforms) = preSolution
		Debug|Any CPU = Debug|Any CPU
		Release|Any CPU = Release|Any CPU
	EndGlobalSection
	GlobalSection(ProjectConfigurationPlatforms) = postSolution
		{B3399B86-D150-2E06-7A07-177DC9E0603D}.Debug|Any CPU.ActiveCfg = Debug|Any CPU
		{B3399B86-D150-2E06-7A07-177DC9E0603D}.Debug|Any CPU.Build.0 = Debug|Any CPU
		{B3399B86-D150-2E06-7A07-177DC9E0603D}.Release|Any CPU.ActiveCfg = Release|Any CPU
		{B3399B86-D150-2E06-7A07-177DC9E0603D}.Release|Any CPU.Build.0 = Release|Any CPU
	EndGlobalSection
	GlobalSection(SolutionProperties) = preSolution
		HideSolutionNode = FALSE
	EndGlobalSection
	GlobalSection(ExtensibilityGlobals) = postSolution
		SolutionGuid = {D55626E7-7FE8-415F-95C3-B7D7C4F42A18}
	EndGlobalSection
EndGlobal
